Microsoft Visual Studio Solution File, Format Version 12.00
# Visual Studio Version 17
VisualStudioVersion = 17.5.2.0
MinimumVisualStudioVersion = 10.0.40219.1
Project("{FAE04EC0-301F-11D3-BF4B-00C04F79EFBC}") = "appMovil", "appMovil.csproj", "{27464E9A-09B4-B369-F733-1D51494CC90B}"
EndProject
Global
	GlobalSection(SolutionConfigurationPlatforms) = preSolution
		Debug|Any CPU = Debug|Any CPU
		Release|Any CPU = Release|Any CPU
	EndGlobalSection
	GlobalSection(ProjectConfigurationPlatforms) = postSolution
		{27464E9A-09B4-B369-F733-1D51494CC90B}.Debug|Any CPU.ActiveCfg = Debug|Any CPU
		{27464E9A-09B4-B369-F733-1D51494CC90B}.Debug|Any CPU.Build.0 = Debug|Any CPU
		{27464E9A-09B4-B369-F733-1D51494CC90B}.Release|Any CPU.ActiveCfg = Release|Any CPU
		{27464E9A-09B4-B369-F733-1D51494CC90B}.Release|Any CPU.Build.0 = Release|Any CPU
	EndGlobalSection
	GlobalSection(SolutionProperties) = preSolution
		HideSolutionNode = FALSE
	EndGlobalSection
	GlobalSection(ExtensibilityGlobals) = postSolution
		SolutionGuid = {FD1C5F72-C1E9-4F92-B297-486D3E1758FF}
	EndGlobalSection
EndGlobal
